
Microsoft Visual Studio Solution File, Format Version 12.00
# Visual Studio Version 17
VisualStudioVersion = 17.0.31903.59
MinimumVisualStudioVersion = 10.0.40219.1
Project("{2150E333-8FDC-42A3-9474-1A3956D46DE8}") = "src", "src", "{827E0CD3-B72D-47B6-A68D-7590B98EB39B}"
EndProject
Project("{FAE04EC0-301F-11D3-BF4B-00C04F79EFBC}") = "CaseFraudSys.Api", "src\CaseFraudSys.Api\CaseFraudSys.Api.csproj", "{8CF64FA4-4A98-4066-B5B4-8D2E90E6203F}"
EndProject
Project("{2150E333-8FDC-42A3-9474-1A3956D46DE8}") = "tests", "tests", "{0AB3BF05-4346-4AA6-1389-037BE0695223}"
EndProject
Project("{FAE04EC0-301F-11D3-BF4B-00C04F79EFBC}") = "CaseFraudSys.Api.Tests", "tests\CaseFraudSys.Api.Tests\CaseFraudSys.Api.Tests.csproj", "{0ADD218C-8789-4937-9A1B-4AE0ABAFD21F}"
EndProject
Project("{FAE04EC0-301F-11D3-BF4B-00C04F79EFBC}") = "CaseFraudSys.LoadTests", "tests\CaseFraudSys.LoadTests\CaseFraudSys.LoadTests.csproj", "{59DE5B10-44AB-4C7E-A969-47AA1C01543A}"
EndProject
Project("{FAE04EC0-301F-11D3-BF4B-00C04F79EFBC}") = "CaseFraudSys.Api.IntegrationTests", "tests\CaseFraudSys.Api.IntegrationTests\CaseFraudSys.Api.IntegrationTests.csproj", "{742B3F86-4BFF-43E4-B990-AE4AB807A51B}"
EndProject
Global
	GlobalSection(SolutionConfigurationPlatforms) = preSolution
		Debug|Any CPU = Debug|Any CPU
		Debug|x64 = Debug|x64
		Debug|x86 = Debug|x86
		Release|Any CPU = Release|Any CPU
		Release|x64 = Release|x64
		Release|x86 = Release|x86
	EndGlobalSection
	GlobalSection(ProjectConfigurationPlatforms) = postSolution
		{8CF64FA4-4A98-4066-B5B4-8D2E90E6203F}.Debug|Any CPU.ActiveCfg = Debug|Any CPU
		{8CF64FA4-4A98-4066-B5B4-8D2E90E6203F}.Debug|Any CPU.Build.0 = Debug|Any CPU
		{8CF64FA4-4A98-4066-B5B4-8D2E90E6203F}.Debug|x64.ActiveCfg = Debug|Any CPU
		{8CF64FA4-4A98-4066-B5B4-8D2E90E6203F}.Debug|x64.Build.0 = Debug|Any CPU
		{8CF64FA4-4A98-4066-B5B4-8D2E90E6203F}.Debug|x86.ActiveCfg = Debug|Any CPU
		{8CF64FA4-4A98-4066-B5B4-8D2E90E6203F}.Debug|x86.Build.0 = Debug|Any CPU
		{8CF64FA4-4A98-4066-B5B4-8D2E90E6203F}.Release|Any CPU.ActiveCfg = Release|Any CPU
		{8CF64FA4-4A98-4066-B5B4-8D2E90E6203F}.Release|Any CPU.Build.0 = Release|Any CPU
		{8CF64FA4-4A98-4066-B5B4-8D2E90E6203F}.Release|x64.ActiveCfg = Release|Any CPU
		{8CF64FA4-4A98-4066-B5B4-8D2E90E6203F}.Release|x64.Build.0 = Release|Any CPU
		{8CF64FA4-4A98-4066-B5B4-8D2E90E6203F}.Release|x86.ActiveCfg = Release|Any CPU
		{8CF64FA4-4A98-4066-B5B4-8D2E90E6203F}.Release|x86.Build.0 = Release|Any CPU
		{0ADD218C-8789-4937-9A1B-4AE0ABAFD21F}.Debug|Any CPU.ActiveCfg = Debug|Any CPU
		{0ADD218C-8789-4937-9A1B-4AE0ABAFD21F}.Debug|Any CPU.Build.0 = Debug|Any CPU
		{0ADD218C-8789-4937-9A1B-4AE0ABAFD21F}.Debug|x64.ActiveCfg = Debug|Any CPU
		{0ADD218C-8789-4937-9A1B-4AE0ABAFD21F}.Debug|x64.Build.0 = Debug|Any CPU
		{0ADD218C-8789-4937-9A1B-4AE0ABAFD21F}.Debug|x86.ActiveCfg = Debug|Any CPU
		{0ADD218C-8789-4937-9A1B-4AE0ABAFD21F}.Debug|x86.Build.0 = Debug|Any CPU
		{0ADD218C-8789-4937-9A1B-4AE0ABAFD21F}.Release|Any CPU.ActiveCfg = Release|Any CPU
		{0ADD218C-8789-4937-9A1B-4AE0ABAFD21F}.Release|Any CPU.Build.0 = Release|Any CPU
		{0ADD218C-8789-4937-9A1B-4AE0ABAFD21F}.Release|x64.ActiveCfg = Release|Any CPU
		{0ADD218C-8789-4937-9A1B-4AE0ABAFD21F}.Release|x64.Build.0 = Release|Any CPU
		{0ADD218C-8789-4937-9A1B-4AE0ABAFD21F}.Release|x86.ActiveCfg = Release|Any CPU
		{0ADD218C-8789-4937-9A1B-4AE0ABAFD21F}.Release|x86.Build.0 = Release|Any CPU
		{59DE5B10-44AB-4C7E-A969-47AA1C01543A}.Debug|Any CPU.ActiveCfg = Debug|Any CPU
		{59DE5B10-44AB-4C7E-A969-47AA1C01543A}.Debug|Any CPU.Build.0 = Debug|Any CPU
		{59DE5B10-44AB-4C7E-A969-47AA1C01543A}.Debug|x64.ActiveCfg = Debug|Any CPU
		{59DE5B10-44AB-4C7E-A969-47AA1C01543A}.Debug|x64.Build.0 = Debug|Any CPU
		{59DE5B10-44AB-4C7E-A969-47AA1C01543A}.Debug|x86.ActiveCfg = Debug|Any CPU
		{59DE5B10-44AB-4C7E-A969-47AA1C01543A}.Debug|x86.Build.0 = Debug|Any CPU
		{59DE5B10-44AB-4C7E-A969-47AA1C01543A}.Release|Any CPU.ActiveCfg = Release|Any CPU
		{59DE5B10-44AB-4C7E-A969-47AA1C01543A}.Release|Any CPU.Build.0 = Release|Any CPU
		{59DE5B10-44AB-4C7E-A969-47AA1C01543A}.Release|x64.ActiveCfg = Release|Any CPU
		{59DE5B10-44AB-4C7E-A969-47AA1C01543A}.Release|x64.Build.0 = Release|Any CPU
		{59DE5B10-44AB-4C7E-A969-47AA1C01543A}.Release|x86.ActiveCfg = Release|Any CPU
		{59DE5B10-44AB-4C7E-A969-47AA1C01543A}.Release|x86.Build.0 = Release|Any CPU
		{742B3F86-4BFF-43E4-B990-AE4AB807A51B}.Debug|Any CPU.ActiveCfg = Debug|Any CPU
		{742B3F86-4BFF-43E4-B990-AE4AB807A51B}.Debug|Any CPU.Build.0 = Debug|Any CPU
		{742B3F86-4BFF-43E4-B990-AE4AB807A51B}.Debug|x64.ActiveCfg = Debug|Any CPU
		{742B3F86-4BFF-43E4-B990-AE4AB807A51B}.Debug|x64.Build.0 = Debug|Any CPU
		{742B3F86-4BFF-43E4-B990-AE4AB807A51B}.Debug|x86.ActiveCfg = Debug|Any CPU
		{742B3F86-4BFF-43E4-B990-AE4AB807A51B}.Debug|x86.Build.0 = Debug|Any CPU
		{742B3F86-4BFF-43E4-B990-AE4AB807A51B}.Release|Any CPU.ActiveCfg = Release|Any CPU
		{742B3F86-4BFF-43E4-B990-AE4AB807A51B}.Release|Any CPU.Build.0 = Release|Any CPU
		{742B3F86-4BFF-43E4-B990-AE4AB807A51B}.Release|x64.ActiveCfg = Release|Any CPU
		{742B3F86-4BFF-43E4-B990-AE4AB807A51B}.Release|x64.Build.0 = Release|Any CPU
		{742B3F86-4BFF-43E4-B990-AE4AB807A51B}.Release|x86.ActiveCfg = Release|Any CPU
		{742B3F86-4BFF-43E4-B990-AE4AB807A51B}.Release|x86.Build.0 = Release|Any CPU
	EndGlobalSection
	GlobalSection(SolutionProperties) = preSolution
		HideSolutionNode = FALSE
	EndGlobalSection
	GlobalSection(NestedProjects) = preSolution
		{8CF64FA4-4A98-4066-B5B4-8D2E90E6203F} = {827E0CD3-B72D-47B6-A68D-7590B98EB39B}
		{0ADD218C-8789-4937-9A1B-4AE0ABAFD21F} = {0AB3BF05-4346-4AA6-1389-037BE0695223}
		{59DE5B10-44AB-4C7E-A969-47AA1C01543A} = {0AB3BF05-4346-4AA6-1389-037BE0695223}
		{742B3F86-4BFF-43E4-B990-AE4AB807A51B} = {0AB3BF05-4346-4AA6-1389-037BE0695223}
	EndGlobalSection
EndGlobal
